
Microsoft Visual Studio Solution File, Format Version 12.00
# Visual Studio Version 16
VisualStudioVersion = 16.0.809.9
MinimumVisualStudioVersion = 10.0.40219.1
Project("{FAE04EC0-301F-11D3-BF4B-00C04F79EFBC}") = "Domain", "Domain\Domain.csproj", "{DD08F07A-9B97-4FFC-9245-99203F063FE4}"
EndProject
Project("{FAE04EC0-301F-11D3-BF4B-00C04F79EFBC}") = "Application", "Application\Application.csproj", "{7EA7BFED-D30C-4DD5-9665-55C8B1554559}"
EndProject
Project("{FAE04EC0-301F-11D3-BF4B-00C04F79EFBC}") = "Infrastructure", "Infrastructure\Infrastructure.csproj", "{0A17BB04-686D-488C-8549-50216FD4076A}"
EndProject
Project("{FAE04EC0-301F-11D3-BF4B-00C04F79EFBC}") = "WebUI", "WebUI\WebUI.csproj", "{7B8A85DC-831B-483D-B9CB-880323E672A4}"
EndProject
Global
	GlobalSection(SolutionConfigurationPlatforms) = preSolution
		Debug|Any CPU = Debug|Any CPU
		Release|Any CPU = Release|Any CPU
	EndGlobalSection
	GlobalSection(ProjectConfigurationPlatforms) = postSolution
		{DD08F07A-9B97-4FFC-9245-99203F063FE4}.Debug|Any CPU.ActiveCfg = Debug|Any CPU
		{DD08F07A-9B97-4FFC-9245-99203F063FE4}.Debug|Any CPU.Build.0 = Debug|Any CPU
		{DD08F07A-9B97-4FFC-9245-99203F063FE4}.Release|Any CPU.ActiveCfg = Release|Any CPU
		{DD08F07A-9B97-4FFC-9245-99203F063FE4}.Release|Any CPU.Build.0 = Release|Any CPU
		{7EA7BFED-D30C-4DD5-9665-55C8B1554559}.Debug|Any CPU.ActiveCfg = Debug|Any CPU
		{7EA7BFED-D30C-4DD5-9665-55C8B1554559}.Debug|Any CPU.Build.0 = Debug|Any CPU
		{7EA7BFED-D30C-4DD5-9665-55C8B1554559}.Release|Any CPU.ActiveCfg = Release|Any CPU
		{7EA7BFED-D30C-4DD5-9665-55C8B1554559}.Release|Any CPU.Build.0 = Release|Any CPU
		{0A17BB04-686D-488C-8549-50216FD4076A}.Debug|Any CPU.ActiveCfg = Debug|Any CPU
		{0A17BB04-686D-488C-8549-50216FD4076A}.Debug|Any CPU.Build.0 = Debug|Any CPU
		{0A17BB04-686D-488C-8549-50216FD4076A}.Release|Any CPU.ActiveCfg = Release|Any CPU
		{0A17BB04-686D-488C-8549-50216FD4076A}.Release|Any CPU.Build.0 = Release|Any CPU
		{7B8A85DC-831B-483D-B9CB-880323E672A4}.Debug|Any CPU.ActiveCfg = Debug|Any CPU
		{7B8A85DC-831B-483D-B9CB-880323E672A4}.Debug|Any CPU.Build.0 = Debug|Any CPU
		{7B8A85DC-831B-483D-B9CB-880323E672A4}.Release|Any CPU.ActiveCfg = Release|Any CPU
		{7B8A85DC-831B-483D-B9CB-880323E672A4}.Release|Any CPU.Build.0 = Release|Any CPU
	EndGlobalSection
	GlobalSection(SolutionProperties) = preSolution
		HideSolutionNode = FALSE
	EndGlobalSection
	GlobalSection(ExtensibilityGlobals) = postSolution
		SolutionGuid = {D8DEC104-0EBF-4E55-8D29-774962022085}
	EndGlobalSection
EndGlobal
